
Microsoft Visual Studio Solution File, Format Version 12.00
# Visual Studio Version 17
VisualStudioVersion = 17.14.36202.13 d17.14
MinimumVisualStudioVersion = 10.0.40219.1
Project("{FAE04EC0-301F-11D3-BF4B-00C04F79EFBC}") = "SampleWebApplicationContainer", "SampleWebApplicationContainer\SampleWebApplicationContainer.csproj", "{ACC194FA-0978-488E-A90F-522BF38D8DE6}"
EndProject
Project("{FAE04EC0-301F-11D3-BF4B-00C04F79EFBC}") = "SampleWebApiContainer", "SampleWebApiContainer\SampleWebApiContainer.csproj", "{C77DB2F3-B824-412C-B887-659E2A3E7D13}"
EndProject
Global
	GlobalSection(SolutionConfigurationPlatforms) = preSolution
		Debug|Any CPU = Debug|Any CPU
		Release|Any CPU = Release|Any CPU
	EndGlobalSection
	GlobalSection(ProjectConfigurationPlatforms) = postSolution
		{ACC194FA-0978-488E-A90F-522BF38D8DE6}.Debug|Any CPU.ActiveCfg = Debug|Any CPU
		{ACC194FA-0978-488E-A90F-522BF38D8DE6}.Debug|Any CPU.Build.0 = Debug|Any CPU
		{ACC194FA-0978-488E-A90F-522BF38D8DE6}.Release|Any CPU.ActiveCfg = Release|Any CPU
		{ACC194FA-0978-488E-A90F-522BF38D8DE6}.Release|Any CPU.Build.0 = Release|Any CPU
		{C77DB2F3-B824-412C-B887-659E2A3E7D13}.Debug|Any CPU.ActiveCfg = Debug|Any CPU
		{C77DB2F3-B824-412C-B887-659E2A3E7D13}.Debug|Any CPU.Build.0 = Debug|Any CPU
		{C77DB2F3-B824-412C-B887-659E2A3E7D13}.Release|Any CPU.ActiveCfg = Release|Any CPU
		{C77DB2F3-B824-412C-B887-659E2A3E7D13}.Release|Any CPU.Build.0 = Release|Any CPU
	EndGlobalSection
	GlobalSection(SolutionProperties) = preSolution
		HideSolutionNode = FALSE
	EndGlobalSection
	GlobalSection(ExtensibilityGlobals) = postSolution
		SolutionGuid = {D8260FD1-B5AA-4A57-A169-53C03F6C0356}
	EndGlobalSection
EndGlobal
